// !$*UTF8*$!
{
	archiveVersion = 1;
	classes = {
	};
	objectVersion = 56;
	objects = {

/* Begin PBXBuildFile section */
		A1000001207A0001 /* ClassTranscriberApp.swift in Sources */ = {isa = PBXBuildFile; fileRef = A1000002207A0001 /* ClassTranscriberApp.swift */; };
		A1000003207A0001 /* ContentView.swift in Sources */ = {isa = PBXBuildFile; fileRef = A1000004207A0001 /* ContentView.swift */; };
		A1000005207A0001 /* ClassModel.swift in Sources */ = {isa = PBXBuildFile; fileRef = A1000006207A0001 /* ClassModel.swift */; };
		A1000007207A0001 /* RecordingModel.swift in Sources */ = {isa = PBXBuildFile; fileRef = A1000008207A0001 /* RecordingModel.swift */; };
		A1000009207A0001 /* AudioRecordingService.swift in Sources */ = {isa = PBXBuildFile; fileRef = A100000A207A0001 /* AudioRecordingService.swift */; };
		A100000B207A0001 /* TranscriptionService.swift in Sources */ = {isa = PBXBuildFile; fileRef = A100000C207A0001 /* TranscriptionService.swift */; };
		A100000D207A0001 /* PDFExportService.swift in Sources */ = {isa = PBXBuildFile; fileRef = A100000E207A0001 /* PDFExportService.swift */; };
		A100000F207A0001 /* ClassViewModel.swift in Sources */ = {isa = PBXBuildFile; fileRef = A1000010207A0001 /* ClassViewModel.swift */; };
		A1000011207A0001 /* RecordingViewModel.swift in Sources */ = {isa = PBXBuildFile; fileRef = A1000012207A0001 /* RecordingViewModel.swift */; };
		A1000013207A0001 /* RecordingView.swift in Sources */ = {isa = PBXBuildFile; fileRef = A1000014207A0001 /* RecordingView.swift */; };
		A1000015207A0001 /* RecordingsListView.swift in Sources */ = {isa = PBXBuildFile; fileRef = A1000016207A0001 /* RecordingsListView.swift */; };
		A1000017207A0001 /* ClassManagementView.swift in Sources */ = {isa = PBXBuildFile; fileRef = A1000018207A0001 /* ClassManagementView.swift */; };
		A1000019207A0001 /* ClassEditorView.swift in Sources */ = {isa = PBXBuildFile; fileRef = A100001A207A0001 /* ClassEditorView.swift */; };
		A100001B207A0002 /* SettingsView.swift in Sources */ = {isa = PBXBuildFile; fileRef = A100001C207A0002 /* SettingsView.swift */; };
		A100001D207A0003 /* ToastView.swift in Sources */ = {isa = PBXBuildFile; fileRef = A100001E207A0003 /* ToastView.swift */; };
/* End PBXBuildFile section */

/* Begin PBXFileReference section */
		A1000002207A0001 /* ClassTranscriberApp.swift */ = {isa = PBXFileReference; lastKnownFileType = sourcecode.swift; path = ClassTranscriberApp.swift; sourceTree = "<group>"; };
		A1000004207A0001 /* ContentView.swift */ = {isa = PBXFileReference; lastKnownFileType = sourcecode.swift; path = ContentView.swift; sourceTree = "<group>"; };
		A1000006207A0001 /* ClassModel.swift */ = {isa = PBXFileReference; lastKnownFileType = sourcecode.swift; path = ClassModel.swift; sourceTree = "<group>"; };
		A1000008207A0001 /* RecordingModel.swift */ = {isa = PBXFileReference; lastKnownFileType = sourcecode.swift; path = RecordingModel.swift; sourceTree = "<group>"; };
		A100000A207A0001 /* AudioRecordingService.swift */ = {isa = PBXFileReference; lastKnownFileType = sourcecode.swift; path = AudioRecordingService.swift; sourceTree = "<group>"; };
		A100000C207A0001 /* TranscriptionService.swift */ = {isa = PBXFileReference; lastKnownFileType = sourcecode.swift; path = TranscriptionService.swift; sourceTree = "<group>"; };
		A100000E207A0001 /* PDFExportService.swift */ = {isa = PBXFileReference; lastKnownFileType = sourcecode.swift; path = PDFExportService.swift; sourceTree = "<group>"; };
		A1000010207A0001 /* ClassViewModel.swift */ = {isa = PBXFileReference; lastKnownFileType = sourcecode.swift; path = ClassViewModel.swift; sourceTree = "<group>"; };
		A1000012207A0001 /* RecordingViewModel.swift */ = {isa = PBXFileReference; lastKnownFileType = sourcecode.swift; path = RecordingViewModel.swift; sourceTree = "<group>"; };
		A1000014207A0001 /* RecordingView.swift */ = {isa = PBXFileReference; lastKnownFileType = sourcecode.swift; path = RecordingView.swift; sourceTree = "<group>"; };
		A1000016207A0001 /* RecordingsListView.swift */ = {isa = PBXFileReference; lastKnownFileType = sourcecode.swift; path = RecordingsListView.swift; sourceTree = "<group>"; };
		A1000018207A0001 /* ClassManagementView.swift */ = {isa = PBXFileReference; lastKnownFileType = sourcecode.swift; path = ClassManagementView.swift; sourceTree = "<group>"; };
		A100001A207A0001 /* ClassEditorView.swift */ = {isa = PBXFileReference; lastKnownFileType = sourcecode.swift; path = ClassEditorView.swift; sourceTree = "<group>"; };
		A100001C207A0002 /* SettingsView.swift */ = {isa = PBXFileReference; lastKnownFileType = sourcecode.swift; path = SettingsView.swift; sourceTree = "<group>"; };
		A100001E207A0003 /* ToastView.swift */ = {isa = PBXFileReference; lastKnownFileType = sourcecode.swift; path = ToastView.swift; sourceTree = "<group>"; };
		A100001B207A0001 /* Info.plist */ = {isa = PBXFileReference; lastKnownFileType = text.plist.xml; path = Info.plist; sourceTree = "<group>"; };
		A100001C207A0001 /* ClassTranscriber.entitlements */ = {isa = PBXFileReference; lastKnownFileType = text.plist.entitlements; path = ClassTranscriber.entitlements; sourceTree = "<group>"; };
		A1000020207A0001 /* ClassTranscriber.app */ = {isa = PBXFileReference; explicitFileType = wrapper.application; includeInIndex = 0; path = ClassTranscriber.app; sourceTree = BUILT_PRODUCTS_DIR; };
/* End PBXFileReference section */

/* Begin PBXFrameworksBuildPhase section */
		A100001D207A0001 /* Frameworks */ = {
			isa = PBXFrameworksBuildPhase;
			buildActionMask = 2147483647;
			files = (
			);
			runOnlyForDeploymentPostprocessing = 0;
		};
/* End PBXFrameworksBuildPhase section */

/* Begin PBXGroup section */
		A1000021207A0001 = {
			isa = PBXGroup;
			children = (
				A1000022207A0001 /* ClassTranscriber */,
				A1000023207A0001 /* Products */,
			);
			sourceTree = "<group>";
		};
		A1000022207A0001 /* ClassTranscriber */ = {
			isa = PBXGroup;
			children = (
				A1000002207A0001 /* ClassTranscriberApp.swift */,
				A1000024207A0001 /* Models */,
				A1000025207A0001 /* Services */,
				A1000026207A0001 /* ViewModels */,
				A1000027207A0001 /* Views */,
				A100001B207A0001 /* Info.plist */,
				A100001C207A0001 /* ClassTranscriber.entitlements */,
			);
			path = ClassTranscriber;
			sourceTree = "<group>";
		};
		A1000023207A0001 /* Products */ = {
			isa = PBXGroup;
			children = (
				A1000020207A0001 /* ClassTranscriber.app */,
			);
			name = Products;
			sourceTree = "<group>";
		};
		A1000024207A0001 /* Models */ = {
			isa = PBXGroup;
			children = (
				A1000006207A0001 /* ClassModel.swift */,
				A1000008207A0001 /* RecordingModel.swift */,
			);
			path = Models;
			sourceTree = "<group>";
		};
		A1000025207A0001 /* Services */ = {
			isa = PBXGroup;
			children = (
				A100000A207A0001 /* AudioRecordingService.swift */,
				A100000C207A0001 /* TranscriptionService.swift */,
				A100000E207A0001 /* PDFExportService.swift */,
			);
			path = Services;
			sourceTree = "<group>";
		};
		A1000026207A0001 /* ViewModels */ = {
			isa = PBXGroup;
			children = (
				A1000010207A0001 /* ClassViewModel.swift */,
				A1000012207A0001 /* RecordingViewModel.swift */,
			);
			path = ViewModels;
			sourceTree = "<group>";
		};
		A1000027207A0001 /* Views */ = {
			isa = PBXGroup;
			children = (
				A1000004207A0001 /* ContentView.swift */,
				A1000014207A0001 /* RecordingView.swift */,
				A1000016207A0001 /* RecordingsListView.swift */,
				A1000018207A0001 /* ClassManagementView.swift */,
				A100001A207A0001 /* ClassEditorView.swift */,
				A100001C207A0002 /* SettingsView.swift */,
				A100001E207A0003 /* ToastView.swift */,
			);
			path = Views;
			sourceTree = "<group>";
		};
/* End PBXGroup section */

/* Begin PBXNativeTarget section */
		A100001F207A0001 /* ClassTranscriber */ = {
			isa = PBXNativeTarget;
			buildConfigurationList = A1000028207A0001 /* Build configuration list for PBXNativeTarget "ClassTranscriber" */;
			buildPhases = (
				A100001E207A0001 /* Sources */,
				A100001D207A0001 /* Frameworks */,
			);
			buildRules = (
			);
			dependencies = (
			);
			name = ClassTranscriber;
			productName = ClassTranscriber;
			productReference = A1000020207A0001 /* ClassTranscriber.app */;
			productType = "com.apple.product-type.application";
		};
/* End PBXNativeTarget section */

/* Begin PBXProject section */
		A1000029207A0001 /* Project object */ = {
			isa = PBXProject;
			attributes = {
				BuildIndependentTargetsInParallel = 1;
				LastSwiftUpdateCheck = 1500;
				LastUpgradeCheck = 1500;
				TargetAttributes = {
					A100001F207A0001 = {
						CreatedOnToolsVersion = 15.0;
					};
				};
			};
			buildConfigurationList = A100002A207A0001 /* Build configuration list for PBXProject "ClassTranscriber" */;
			compatibilityVersion = "Xcode 14.0";
			developmentRegion = en;
			hasScannedForEncodings = 0;
			knownRegions = (
				en,
				Base,
			);
			mainGroup = A1000021207A0001;
			productRefGroup = A1000023207A0001 /* Products */;
			projectDirPath = "";
			projectRoot = "";
			targets = (
				A100001F207A0001 /* ClassTranscriber */,
			);
		};
/* End PBXProject section */

/* Begin PBXSourcesBuildPhase section */
		A100001E207A0001 /* Sources */ = {
			isa = PBXSourcesBuildPhase;
			buildActionMask = 2147483647;
			files = (
				A1000001207A0001 /* ClassTranscriberApp.swift in Sources */,
				A1000003207A0001 /* ContentView.swift in Sources */,
				A1000005207A0001 /* ClassModel.swift in Sources */,
				A1000007207A0001 /* RecordingModel.swift in Sources */,
				A1000009207A0001 /* AudioRecordingService.swift in Sources */,
				A100000B207A0001 /* TranscriptionService.swift in Sources */,
				A100000D207A0001 /* PDFExportService.swift in Sources */,
				A100000F207A0001 /* ClassViewModel.swift in Sources */,
				A1000011207A0001 /* RecordingViewModel.swift in Sources */,
				A1000013207A0001 /* RecordingView.swift in Sources */,
				A1000015207A0001 /* RecordingsListView.swift in Sources */,
				A1000017207A0001 /* ClassManagementView.swift in Sources */,
				A1000019207A0001 /* ClassEditorView.swift in Sources */,
				A100001B207A0002 /* SettingsView.swift in Sources */,
				A100001D207A0003 /* ToastView.swift in Sources */,
			);
			runOnlyForDeploymentPostprocessing = 0;
		};
/* End PBXSourcesBuildPhase section */

/* Begin XCBuildConfiguration section */
		A100002B207A0001 /* Debug */ = {
			isa = XCBuildConfiguration;
			buildSettings = {
				ALWAYS_SEARCH_USER_PATHS = NO;
				ASSETCATALOG_COMPILER_GENERATE_SWIFT_ASSET_SYMBOL_EXTENSIONS = YES;
				CLANG_ANALYZER_NONNULL = YES;
				CLANG_ANALYZER_NUMBER_OBJECT_CONVERSION = YES_AGGRESSIVE;
				CLANG_CXX_LANGUAGE_STANDARD = "gnu++20";
				CLANG_ENABLE_MODULES = YES;
				CLANG_ENABLE_OBJC_ARC = YES;
				CLANG_ENABLE_OBJC_WEAK = YES;
				CLANG_WARN_BLOCK_CAPTURE_AUTORELEASING = YES;
				CLANG_WARN_BOOL_CONVERSION = YES;
				CLANG_WARN_COMMA = YES;
				CLANG_WARN_CONSTANT_CONVERSION = YES;
				CLANG_WARN_DEPRECATED_OBJC_IMPLEMENTATIONS = YES;
				CLANG_WARN_DIRECT_OBJC_ISA_USAGE = YES_ERROR;
				CLANG_WARN_DOCUMENTATION_COMMENTS = YES;
				CLANG_WARN_EMPTY_BODY = YES;
				CLANG_WARN_ENUM_CONVERSION = YES;
				CLANG_WARN_INFINITE_RECURSION = YES;
				CLANG_WARN_INT_CONVERSION = YES;
				CLANG_WARN_NON_LITERAL_NULL_CONVERSION = YES;
				CLANG_WARN_OBJC_IMPLICIT_RETAIN_SELF = YES;
				CLANG_WARN_OBJC_LITERAL_CONVERSION = YES;
				CLANG_WARN_OBJC_ROOT_CLASS = YES_ERROR;
				CLANG_WARN_QUOTED_INCLUDE_IN_FRAMEWORK_HEADER = YES;
				CLANG_WARN_RANGE_LOOP_ANALYSIS = YES;
				CLANG_WARN_STRICT_PROTOTYPES = YES;
				CLANG_WARN_SUSPICIOUS_MOVE = YES;
				CLANG_WARN_UNGUARDED_AVAILABILITY = YES_AGGRESSIVE;
				CLANG_WARN_UNREACHABLE_CODE = YES;
				CLANG_WARN__DUPLICATE_METHOD_MATCH = YES;
				COPY_PHASE_STRIP = NO;
				DEBUG_INFORMATION_FORMAT = dwarf;
				ENABLE_STRICT_OBJC_MSGSEND = YES;
				ENABLE_TESTABILITY = YES;
				ENABLE_USER_SCRIPT_SANDBOXING = YES;
				GCC_C_LANGUAGE_STANDARD = gnu17;
				GCC_DYNAMIC_NO_PIC = NO;
				GCC_NO_COMMON_BLOCKS = YES;
				GCC_OPTIMIZATION_LEVEL = 0;
				GCC_PREPROCESSOR_DEFINITIONS = (
					"DEBUG=1",
					"$(inherited)",
				);
				GCC_WARN_64_TO_32_BIT_CONVERSION = YES;
				GCC_WARN_ABOUT_RETURN_TYPE = YES_ERROR;
				GCC_WARN_UNDECLARED_SELECTOR = YES;
				GCC_WARN_UNINITIALIZED_AUTOS = YES_AGGRESSIVE;
				GCC_WARN_UNUSED_FUNCTION = YES;
				GCC_WARN_UNUSED_VARIABLE = YES;
				LOCALIZATION_PREFERS_STRING_CATALOGS = YES;
				MTL_ENABLE_DEBUG_INFO = INCLUDE_SOURCE;
				MTL_FAST_MATH = YES;
				ONLY_ACTIVE_ARCH = YES;
				SWIFT_ACTIVE_COMPILATION_CONDITIONS = "DEBUG $(inherited)";
				SWIFT_OPTIMIZATION_LEVEL = "-Onone";
			};
			name = Debug;
		};
		A100002C207A0001 /* Release */ = {
			isa = XCBuildConfiguration;
			buildSettings = {
				ALWAYS_SEARCH_USER_PATHS = NO;
				ASSETCATALOG_COMPILER_GENERATE_SWIFT_ASSET_SYMBOL_EXTENSIONS = YES;
				CLANG_ANALYZER_NONNULL = YES;
				CLANG_ANALYZER_NUMBER_OBJECT_CONVERSION = YES_AGGRESSIVE;
				CLANG_CXX_LANGUAGE_STANDARD = "gnu++20";
				CLANG_ENABLE_MODULES = YES;
				CLANG_ENABLE_OBJC_ARC = YES;
				CLANG_ENABLE_OBJC_WEAK = YES;
				CLANG_WARN_BLOCK_CAPTURE_AUTORELEASING = YES;
				CLANG_WARN_BOOL_CONVERSION = YES;
				CLANG_WARN_COMMA = YES;
				CLANG_WARN_CONSTANT_CONVERSION = YES;
				CLANG_WARN_DEPRECATED_OBJC_IMPLEMENTATIONS = YES;
				CLANG_WARN_DIRECT_OBJC_ISA_USAGE = YES_ERROR;
				CLANG_WARN_DOCUMENTATION_COMMENTS = YES;
				CLANG_WARN_EMPTY_BODY = YES;
				CLANG_WARN_ENUM_CONVERSION = YES;
				CLANG_WARN_INFINITE_RECURSION = YES;
				CLANG_WARN_INT_CONVERSION = YES;
				CLANG_WARN_NON_LITERAL_NULL_CONVERSION = YES;
				CLANG_WARN_OBJC_IMPLICIT_RETAIN_SELF = YES;
				CLANG_WARN_OBJC_LITERAL_CONVERSION = YES;
				CLANG_WARN_OBJC_ROOT_CLASS = YES_ERROR;
				CLANG_WARN_QUOTED_INCLUDE_IN_FRAMEWORK_HEADER = YES;
				CLANG_WARN_RANGE_LOOP_ANALYSIS = YES;
				CLANG_WARN_STRICT_PROTOTYPES = YES;
				CLANG_WARN_SUSPICIOUS_MOVE = YES;
				CLANG_WARN_UNGUARDED_AVAILABILITY = YES_AGGRESSIVE;
				CLANG_WARN_UNREACHABLE_CODE = YES;
				CLANG_WARN__DUPLICATE_METHOD_MATCH = YES;
				COPY_PHASE_STRIP = NO;
				DEBUG_INFORMATION_FORMAT = "dwarf-with-dsym";
				ENABLE_NS_ASSERTIONS = NO;
				ENABLE_STRICT_OBJC_MSGSEND = YES;
				ENABLE_USER_SCRIPT_SANDBOXING = YES;
				GCC_C_LANGUAGE_STANDARD = gnu17;
				GCC_NO_COMMON_BLOCKS = YES;
				GCC_WARN_64_TO_32_BIT_CONVERSION = YES;
				GCC_WARN_ABOUT_RETURN_TYPE = YES_ERROR;
				GCC_WARN_UNDECLARED_SELECTOR = YES;
				GCC_WARN_UNINITIALIZED_AUTOS = YES_AGGRESSIVE;
				GCC_WARN_UNUSED_FUNCTION = YES;
				GCC_WARN_UNUSED_VARIABLE = YES;
				LOCALIZATION_PREFERS_STRING_CATALOGS = YES;
				MTL_ENABLE_DEBUG_INFO = NO;
				MTL_FAST_MATH = YES;
				SWIFT_COMPILATION_MODE = wholemodule;
			};
			name = Release;
		};
		A100002D207A0001 /* Debug */ = {
			isa = XCBuildConfiguration;
			buildSettings = {
				ASSETCATALOG_COMPILER_APPICON_NAME = AppIcon;
				CODE_SIGN_ENTITLEMENTS = ClassTranscriber/ClassTranscriber.entitlements;
				CODE_SIGN_STYLE = Automatic;
				CURRENT_PROJECT_VERSION = 1;
				ENABLE_PREVIEWS = YES;
				GENERATE_INFOPLIST_FILE = YES;
				INFOPLIST_FILE = ClassTranscriber/Info.plist;
				INFOPLIST_KEY_NSMicrophoneUsageDescription = "Class Transcriber needs access to the microphone to record your lectures.";
				INFOPLIST_KEY_NSSpeechRecognitionUsageDescription = "Class Transcriber needs speech recognition to transcribe your recordings in real-time.";
				IPHONEOS_DEPLOYMENT_TARGET = 17.0;
				LD_RUNPATH_SEARCH_PATHS = (
					"$(inherited)",
					"@executable_path/Frameworks",
				);
				MACOSX_DEPLOYMENT_TARGET = 14.0;
				MARKETING_VERSION = 1.0;
				PRODUCT_BUNDLE_IDENTIFIER = com.example.ClassTranscriber;
				PRODUCT_NAME = "$(TARGET_NAME)";
				SDKROOT = auto;
				SUPPORTED_PLATFORMS = "iphoneos iphonesimulator macosx";
				SUPPORTS_MACCATALYST = NO;
				SWIFT_EMIT_LOC_STRINGS = YES;
				SWIFT_VERSION = 5.0;
				TARGETED_DEVICE_FAMILY = "1,2";
			};
			name = Debug;
		};
		A100002E207A0001 /* Release */ = {
			isa = XCBuildConfiguration;
			buildSettings = {
				ASSETCATALOG_COMPILER_APPICON_NAME = AppIcon;
				CODE_SIGN_ENTITLEMENTS = ClassTranscriber/ClassTranscriber.entitlements;
				CODE_SIGN_STYLE = Automatic;
				CURRENT_PROJECT_VERSION = 1;
				ENABLE_PREVIEWS = YES;
				GENERATE_INFOPLIST_FILE = YES;
				INFOPLIST_FILE = ClassTranscriber/Info.plist;
				INFOPLIST_KEY_NSMicrophoneUsageDescription = "Class Transcriber needs access to the microphone to record your lectures.";
				INFOPLIST_KEY_NSSpeechRecognitionUsageDescription = "Class Transcriber needs speech recognition to transcribe your recordings in real-time.";
				IPHONEOS_DEPLOYMENT_TARGET = 17.0;
				LD_RUNPATH_SEARCH_PATHS = (
					"$(inherited)",
					"@executable_path/Frameworks",
				);
				MACOSX_DEPLOYMENT_TARGET = 14.0;
				MARKETING_VERSION = 1.0;
				PRODUCT_BUNDLE_IDENTIFIER = com.example.ClassTranscriber;
				PRODUCT_NAME = "$(TARGET_NAME)";
				SDKROOT = auto;
				SUPPORTED_PLATFORMS = "iphoneos iphonesimulator macosx";
				SUPPORTS_MACCATALYST = NO;
				SWIFT_EMIT_LOC_STRINGS = YES;
				SWIFT_VERSION = 5.0;
				TARGETED_DEVICE_FAMILY = "1,2";
			};
			name = Release;
		};
/* End XCBuildConfiguration section */

/* Begin XCConfigurationList section */
		A1000028207A0001 /* Build configuration list for PBXNativeTarget "ClassTranscriber" */ = {
			isa = XCConfigurationList;
			buildConfigurations = (
				A100002D207A0001 /* Debug */,
				A100002E207A0001 /* Release */,
			);
			defaultConfigurationIsVisible = 0;
			defaultConfigurationName = Release;
		};
		A100002A207A0001 /* Build configuration list for PBXProject "ClassTranscriber" */ = {
			isa = XCConfigurationList;
			buildConfigurations = (
				A100002B207A0001 /* Debug */,
				A100002C207A0001 /* Release */,
			);
			defaultConfigurationIsVisible = 0;
			defaultConfigurationName = Release;
		};
/* End XCConfigurationList section */

	};
	rootObject = A1000029207A0001 /* Project object */;
}
